
Microsoft Visual Studio Solution File, Format Version 12.00
# Visual Studio Version 17
VisualStudioVersion = 17.10.35027.167
MinimumVisualStudioVersion = 10.0.40219.1
Project("{9A19103F-16F7-4668-BE54-9A1E7A4F7556}") = "FinanceUi.Core", "FinanceUi.Core\FinanceUi.Core.csproj", "{A301DB7D-73FD-4E26-BA06-1B20BC12DE52}"
EndProject
Project("{9A19103F-16F7-4668-BE54-9A1E7A4F7556}") = "FinanceUi.Infrastructure", "FinanceUi.Infrastructure\FinanceUi.Infrastructure.csproj", "{2D208166-9D60-4840-9E21-D9BC100A9976}"
EndProject
Project("{9A19103F-16F7-4668-BE54-9A1E7A4F7556}") = "FinanceUi.Infrastructure.FunctionalTests", "FinanceUi.Infrastructure.FunctionalTests\FinanceUi.Infrastructure.FunctionalTests.csproj", "{3A76C693-9919-4364-8748-9FD0F6C61765}"
EndProject
Project("{9A19103F-16F7-4668-BE54-9A1E7A4F7556}") = "FinanceUi.Application", "FinanceUi.Application\FinanceUi.Application.csproj", "{BBB41782-2F54-443E-BDA7-412030D47C5B}"
EndProject
Project("{FAE04EC0-301F-11D3-BF4B-00C04F79EFBC}") = "FinanceUi.Maui", "FinanceUi.Maui\FinanceUi.Maui.csproj", "{4032254C-5AD7-43B6-AC04-BF5DE3BD71C0}"
EndProject
Global
	GlobalSection(SolutionConfigurationPlatforms) = preSolution
		Debug|Any CPU = Debug|Any CPU
		Debug|ARM64 = Debug|ARM64
		Debug|x64 = Debug|x64
		Debug|x86 = Debug|x86
		Release|Any CPU = Release|Any CPU
		Release|ARM64 = Release|ARM64
		Release|x64 = Release|x64
		Release|x86 = Release|x86
	EndGlobalSection
	GlobalSection(ProjectConfigurationPlatforms) = postSolution
		{A301DB7D-73FD-4E26-BA06-1B20BC12DE52}.Debug|Any CPU.ActiveCfg = Debug|Any CPU
		{A301DB7D-73FD-4E26-BA06-1B20BC12DE52}.Debug|Any CPU.Build.0 = Debug|Any CPU
		{A301DB7D-73FD-4E26-BA06-1B20BC12DE52}.Debug|ARM64.ActiveCfg = Debug|Any CPU
		{A301DB7D-73FD-4E26-BA06-1B20BC12DE52}.Debug|ARM64.Build.0 = Debug|Any CPU
		{A301DB7D-73FD-4E26-BA06-1B20BC12DE52}.Debug|x64.ActiveCfg = Debug|Any CPU
		{A301DB7D-73FD-4E26-BA06-1B20BC12DE52}.Debug|x64.Build.0 = Debug|Any CPU
		{A301DB7D-73FD-4E26-BA06-1B20BC12DE52}.Debug|x86.ActiveCfg = Debug|Any CPU
		{A301DB7D-73FD-4E26-BA06-1B20BC12DE52}.Debug|x86.Build.0 = Debug|Any CPU
		{A301DB7D-73FD-4E26-BA06-1B20BC12DE52}.Release|Any CPU.ActiveCfg = Release|Any CPU
		{A301DB7D-73FD-4E26-BA06-1B20BC12DE52}.Release|Any CPU.Build.0 = Release|Any CPU
		{A301DB7D-73FD-4E26-BA06-1B20BC12DE52}.Release|ARM64.ActiveCfg = Release|Any CPU
		{A301DB7D-73FD-4E26-BA06-1B20BC12DE52}.Release|ARM64.Build.0 = Release|Any CPU
		{A301DB7D-73FD-4E26-BA06-1B20BC12DE52}.Release|x64.ActiveCfg = Release|Any CPU
		{A301DB7D-73FD-4E26-BA06-1B20BC12DE52}.Release|x64.Build.0 = Release|Any CPU
		{A301DB7D-73FD-4E26-BA06-1B20BC12DE52}.Release|x86.ActiveCfg = Release|Any CPU
		{A301DB7D-73FD-4E26-BA06-1B20BC12DE52}.Release|x86.Build.0 = Release|Any CPU
		{2D208166-9D60-4840-9E21-D9BC100A9976}.Debug|Any CPU.ActiveCfg = Debug|Any CPU
		{2D208166-9D60-4840-9E21-D9BC100A9976}.Debug|Any CPU.Build.0 = Debug|Any CPU
		{2D208166-9D60-4840-9E21-D9BC100A9976}.Debug|ARM64.ActiveCfg = Debug|Any CPU
		{2D208166-9D60-4840-9E21-D9BC100A9976}.Debug|ARM64.Build.0 = Debug|Any CPU
		{2D208166-9D60-4840-9E21-D9BC100A9976}.Debug|x64.ActiveCfg = Debug|Any CPU
		{2D208166-9D60-4840-9E21-D9BC100A9976}.Debug|x64.Build.0 = Debug|Any CPU
		{2D208166-9D60-4840-9E21-D9BC100A9976}.Debug|x86.ActiveCfg = Debug|Any CPU
		{2D208166-9D60-4840-9E21-D9BC100A9976}.Debug|x86.Build.0 = Debug|Any CPU
		{2D208166-9D60-4840-9E21-D9BC100A9976}.Release|Any CPU.ActiveCfg = Release|Any CPU
		{2D208166-9D60-4840-9E21-D9BC100A9976}.Release|Any CPU.Build.0 = Release|Any CPU
		{2D208166-9D60-4840-9E21-D9BC100A9976}.Release|ARM64.ActiveCfg = Release|Any CPU
		{2D208166-9D60-4840-9E21-D9BC100A9976}.Release|ARM64.Build.0 = Release|Any CPU
		{2D208166-9D60-4840-9E21-D9BC100A9976}.Release|x64.ActiveCfg = Release|Any CPU
		{2D208166-9D60-4840-9E21-D9BC100A9976}.Release|x64.Build.0 = Release|Any CPU
		{2D208166-9D60-4840-9E21-D9BC100A9976}.Release|x86.ActiveCfg = Release|Any CPU
		{2D208166-9D60-4840-9E21-D9BC100A9976}.Release|x86.Build.0 = Release|Any CPU
		{3A76C693-9919-4364-8748-9FD0F6C61765}.Debug|Any CPU.ActiveCfg = Debug|Any CPU
		{3A76C693-9919-4364-8748-9FD0F6C61765}.Debug|Any CPU.Build.0 = Debug|Any CPU
		{3A76C693-9919-4364-8748-9FD0F6C61765}.Debug|ARM64.ActiveCfg = Debug|Any CPU
		{3A76C693-9919-4364-8748-9FD0F6C61765}.Debug|ARM64.Build.0 = Debug|Any CPU
		{3A76C693-9919-4364-8748-9FD0F6C61765}.Debug|x64.ActiveCfg = Debug|Any CPU
		{3A76C693-9919-4364-8748-9FD0F6C61765}.Debug|x64.Build.0 = Debug|Any CPU
		{3A76C693-9919-4364-8748-9FD0F6C61765}.Debug|x86.ActiveCfg = Debug|Any CPU
		{3A76C693-9919-4364-8748-9FD0F6C61765}.Debug|x86.Build.0 = Debug|Any CPU
		{3A76C693-9919-4364-8748-9FD0F6C61765}.Release|Any CPU.ActiveCfg = Release|Any CPU
		{3A76C693-9919-4364-8748-9FD0F6C61765}.Release|Any CPU.Build.0 = Release|Any CPU
		{3A76C693-9919-4364-8748-9FD0F6C61765}.Release|ARM64.ActiveCfg = Release|Any CPU
		{3A76C693-9919-4364-8748-9FD0F6C61765}.Release|ARM64.Build.0 = Release|Any CPU
		{3A76C693-9919-4364-8748-9FD0F6C61765}.Release|x64.ActiveCfg = Release|Any CPU
		{3A76C693-9919-4364-8748-9FD0F6C61765}.Release|x64.Build.0 = Release|Any CPU
		{3A76C693-9919-4364-8748-9FD0F6C61765}.Release|x86.ActiveCfg = Release|Any CPU
		{3A76C693-9919-4364-8748-9FD0F6C61765}.Release|x86.Build.0 = Release|Any CPU
		{BBB41782-2F54-443E-BDA7-412030D47C5B}.Debug|Any CPU.ActiveCfg = Debug|Any CPU
		{BBB41782-2F54-443E-BDA7-412030D47C5B}.Debug|Any CPU.Build.0 = Debug|Any CPU
		{BBB41782-2F54-443E-BDA7-412030D47C5B}.Debug|ARM64.ActiveCfg = Debug|Any CPU
		{BBB41782-2F54-443E-BDA7-412030D47C5B}.Debug|ARM64.Build.0 = Debug|Any CPU
		{BBB41782-2F54-443E-BDA7-412030D47C5B}.Debug|x64.ActiveCfg = Debug|Any CPU
		{BBB41782-2F54-443E-BDA7-412030D47C5B}.Debug|x64.Build.0 = Debug|Any CPU
		{BBB41782-2F54-443E-BDA7-412030D47C5B}.Debug|x86.ActiveCfg = Debug|Any CPU
		{BBB41782-2F54-443E-BDA7-412030D47C5B}.Debug|x86.Build.0 = Debug|Any CPU
		{BBB41782-2F54-443E-BDA7-412030D47C5B}.Release|Any CPU.ActiveCfg = Release|Any CPU
		{BBB41782-2F54-443E-BDA7-412030D47C5B}.Release|Any CPU.Build.0 = Release|Any CPU
		{BBB41782-2F54-443E-BDA7-412030D47C5B}.Release|ARM64.ActiveCfg = Release|Any CPU
		{BBB41782-2F54-443E-BDA7-412030D47C5B}.Release|ARM64.Build.0 = Release|Any CPU
		{BBB41782-2F54-443E-BDA7-412030D47C5B}.Release|x64.ActiveCfg = Release|Any CPU
		{BBB41782-2F54-443E-BDA7-412030D47C5B}.Release|x64.Build.0 = Release|Any CPU
		{BBB41782-2F54-443E-BDA7-412030D47C5B}.Release|x86.ActiveCfg = Release|Any CPU
		{BBB41782-2F54-443E-BDA7-412030D47C5B}.Release|x86.Build.0 = Release|Any CPU
		{4032254C-5AD7-43B6-AC04-BF5DE3BD71C0}.Debug|Any CPU.ActiveCfg = Debug|Any CPU
		{4032254C-5AD7-43B6-AC04-BF5DE3BD71C0}.Debug|Any CPU.Build.0 = Debug|Any CPU
		{4032254C-5AD7-43B6-AC04-BF5DE3BD71C0}.Debug|ARM64.ActiveCfg = Debug|Any CPU
		{4032254C-5AD7-43B6-AC04-BF5DE3BD71C0}.Debug|ARM64.Build.0 = Debug|Any CPU
		{4032254C-5AD7-43B6-AC04-BF5DE3BD71C0}.Debug|x64.ActiveCfg = Debug|Any CPU
		{4032254C-5AD7-43B6-AC04-BF5DE3BD71C0}.Debug|x64.Build.0 = Debug|Any CPU
		{4032254C-5AD7-43B6-AC04-BF5DE3BD71C0}.Debug|x86.ActiveCfg = Debug|Any CPU
		{4032254C-5AD7-43B6-AC04-BF5DE3BD71C0}.Debug|x86.Build.0 = Debug|Any CPU
		{4032254C-5AD7-43B6-AC04-BF5DE3BD71C0}.Release|Any CPU.ActiveCfg = Release|Any CPU
		{4032254C-5AD7-43B6-AC04-BF5DE3BD71C0}.Release|Any CPU.Build.0 = Release|Any CPU
		{4032254C-5AD7-43B6-AC04-BF5DE3BD71C0}.Release|ARM64.ActiveCfg = Release|Any CPU
		{4032254C-5AD7-43B6-AC04-BF5DE3BD71C0}.Release|ARM64.Build.0 = Release|Any CPU
		{4032254C-5AD7-43B6-AC04-BF5DE3BD71C0}.Release|x64.ActiveCfg = Release|Any CPU
		{4032254C-5AD7-43B6-AC04-BF5DE3BD71C0}.Release|x64.Build.0 = Release|Any CPU
		{4032254C-5AD7-43B6-AC04-BF5DE3BD71C0}.Release|x86.ActiveCfg = Release|Any CPU
		{4032254C-5AD7-43B6-AC04-BF5DE3BD71C0}.Release|x86.Build.0 = Release|Any CPU
	EndGlobalSection
	GlobalSection(SolutionProperties) = preSolution
		HideSolutionNode = FALSE
	EndGlobalSection
	GlobalSection(ExtensibilityGlobals) = postSolution
		SolutionGuid = {543249D9-A760-4854-8F82-5382B4495557}
	EndGlobalSection
EndGlobal
